{
  "name": "addypin",
  "version": "2.0.16",
  "lockfileVersion": 3,
  "requires": true,
  "packages": {
    "": {
      "name": "addypin",
      "version": "2.0.16",
      "dependencies": {
        "flightlog": "^0.4.0",
        "knowless": "^1.1.9",
        "pulselog": "^0.4.1"
      },
      "engines": {
        "node": ">=22.5.0"
      }
    },
    "node_modules/flightlog": {
      "version": "0.4.0",
      "resolved": "https://registry.npmjs.org/flightlog/-/flightlog-0.4.0.tgz",
      "integrity": "sha512-wZXHrI71/1g+Sk61FSIz3Rw4xzv/s3Vtk/4i8x7lBVydKVmJZwxte5S1vhm3rwlURRegXoLXm6xIllGTI2MPfQ==",
      "license": "Apache-2.0",
      "engines": {
        "node": ">=18"
      }
    },
    "node_modules/knowless": {
      "version": "1.1.9",
      "resolved": "https://registry.npmjs.org/knowless/-/knowless-1.1.9.tgz",
      "integrity": "sha512-+Y5St5TjcKLGE5k859ex6hg7pL3GAO5HzhCBy3RMpOHdDCwV0evO1jVXM4Xhr7b3g75Bp63TxBWbjGR2p1HMxg==",
      "license": "Apache-2.0",
      "dependencies": {
        "nodemailer": "^8.0.7"
      },
      "bin": {
        "knowless-server": "bin/knowless-server"
      },
      "engines": {
        "node": ">=22.5.0"
      }
    },
    "node_modules/nodemailer": {
      "version": "8.0.7",
      "resolved": "https://registry.npmjs.org/nodemailer/-/nodemailer-8.0.7.tgz",
      "integrity": "sha512-pkjE4mkBzQjdJT4/UmlKl3pX0rC9fZmjh7c6C9o7lv66Ac6w9WCnzPzhbPNxwZAzlF4mdq4CSWB5+FbK6FWCow==",
      "license": "MIT-0",
      "engines": {
        "node": ">=6.0.0"
      }
    },
    "node_modules/pulselog": {
      "version": "0.4.1",
      "resolved": "https://registry.npmjs.org/pulselog/-/pulselog-0.4.1.tgz",
      "integrity": "sha512-5Ebq4Wza6w8NwMtPEH8sAoZUDa/3bflEqHGRa0QHGBDUvCgYDpNlJXFZ/Ax32vRq1G9T6nku5BScgr+iESNuIA==",
      "license": "Apache-2.0",
      "bin": {
        "pulselog": "bin/pulselog.js"
      },
      "engines": {
        "node": ">=18"
      }
    }
  }
}
