{
  "name": "addypin",
  "version": "2.0.16",
  "lockfileVersion": 3,
  "requires": true,
  "packages": {
    "": {
      "name": "addypin",
      "version": "2.0.16",
      "dependencies": {
        "knowless": "^1.1.9"
      },
      "engines": {
        "node": ">=22.5.0"
      }
    },
    "node_modules/knowless": {
      "version": "1.1.9",
      "resolved": "https://registry.npmjs.org/knowless/-/knowless-1.1.9.tgz",
      "integrity": "sha512-+Y5St5TjcKLGE5k859ex6hg7pL3GAO5HzhCBy3RMpOHdDCwV0evO1jVXM4Xhr7b3g75Bp63TxBWbjGR2p1HMxg==",
      "license": "Apache-2.0",
      "dependencies": {
        "nodemailer": "^8.0.7"
      },
      "bin": {
        "knowless-server": "bin/knowless-server"
      },
      "engines": {
        "node": ">=22.5.0"
      }
    },
    "node_modules/nodemailer": {
      "version": "8.0.7",
      "resolved": "https://registry.npmjs.org/nodemailer/-/nodemailer-8.0.7.tgz",
      "integrity": "sha512-pkjE4mkBzQjdJT4/UmlKl3pX0rC9fZmjh7c6C9o7lv66Ac6w9WCnzPzhbPNxwZAzlF4mdq4CSWB5+FbK6FWCow==",
      "license": "MIT-0",
      "engines": {
        "node": ">=6.0.0"
      }
    }
  }
}
